
Microsoft Visual Studio Solution File, Format Version 12.00
# Visual Studio Version 16
VisualStudioVersion = 16.0.31613.86
MinimumVisualStudioVersion = 10.0.40219.1
Project("{FAE04EC0-301F-11D3-BF4B-00C04F79EFBC}") = "QandA.Data", "QandA.Data\QandA.Data.csproj", "{618816B6-E51F-4E62-932E-80E11BE39FF9}"
EndProject
Project("{FAE04EC0-301F-11D3-BF4B-00C04F79EFBC}") = "QandA.web", "QandA.web\QandA.web.csproj", "{C96FF432-650D-4199-BA13-AC1132FB7851}"
EndProject
Global
	GlobalSection(SolutionConfigurationPlatforms) = preSolution
		Debug|Any CPU = Debug|Any CPU
		Release|Any CPU = Release|Any CPU
	EndGlobalSection
	GlobalSection(ProjectConfigurationPlatforms) = postSolution
		{618816B6-E51F-4E62-932E-80E11BE39FF9}.Debug|Any CPU.ActiveCfg = Debug|Any CPU
		{618816B6-E51F-4E62-932E-80E11BE39FF9}.Debug|Any CPU.Build.0 = Debug|Any CPU
		{618816B6-E51F-4E62-932E-80E11BE39FF9}.Release|Any CPU.ActiveCfg = Release|Any CPU
		{618816B6-E51F-4E62-932E-80E11BE39FF9}.Release|Any CPU.Build.0 = Release|Any CPU
		{C96FF432-650D-4199-BA13-AC1132FB7851}.Debug|Any CPU.ActiveCfg = Debug|Any CPU
		{C96FF432-650D-4199-BA13-AC1132FB7851}.Debug|Any CPU.Build.0 = Debug|Any CPU
		{C96FF432-650D-4199-BA13-AC1132FB7851}.Release|Any CPU.ActiveCfg = Release|Any CPU
		{C96FF432-650D-4199-BA13-AC1132FB7851}.Release|Any CPU.Build.0 = Release|Any CPU
	EndGlobalSection
	GlobalSection(SolutionProperties) = preSolution
		HideSolutionNode = FALSE
	EndGlobalSection
	GlobalSection(ExtensibilityGlobals) = postSolution
		SolutionGuid = {61C49BDC-0335-4EDD-94AB-889920F2B04F}
	EndGlobalSection
EndGlobal
